
Microsoft Visual Studio Solution File, Format Version 12.00
# Visual Studio Version 17
VisualStudioVersion = 17.11.35208.52
MinimumVisualStudioVersion = 10.0.40219.1
Project("{FAE04EC0-301F-11D3-BF4B-00C04F79EFBC}") = "media-house-api", "media-house-api.csproj", "{81CA6BDC-EFA2-4E23-8589-E523EA4550BD}"
EndProject
Global
	GlobalSection(SolutionConfigurationPlatforms) = preSolution
		Debug|Any CPU = Debug|Any CPU
		Release|Any CPU = Release|Any CPU
	EndGlobalSection
	GlobalSection(ProjectConfigurationPlatforms) = postSolution
		{81CA6BDC-EFA2-4E23-8589-E523EA4550BD}.Debug|Any CPU.ActiveCfg = Debug|Any CPU
		{81CA6BDC-EFA2-4E23-8589-E523EA4550BD}.Debug|Any CPU.Build.0 = Debug|Any CPU
		{81CA6BDC-EFA2-4E23-8589-E523EA4550BD}.Release|Any CPU.ActiveCfg = Release|Any CPU
		{81CA6BDC-EFA2-4E23-8589-E523EA4550BD}.Release|Any CPU.Build.0 = Release|Any CPU
	EndGlobalSection
	GlobalSection(SolutionProperties) = preSolution
		HideSolutionNode = FALSE
	EndGlobalSection
	GlobalSection(ExtensibilityGlobals) = postSolution
		SolutionGuid = {7EBB9F68-AEE3-4AC0-A1F5-E831E8FDC91E}
	EndGlobalSection
EndGlobal
